version = 1
requires-python = ">=3.12"

[[package]]
name = "dishka"
version = "1.4.2"
source = { registry = "https://pypi.org/simple" }
sdist = { url = "https://files.pythonhosted.org/packages/1e/a8/e78e0d08e9a2e7839d2742527600eb6f55313c6df07774a26848aa6a87b0/dishka-1.4.2.tar.gz", hash = "sha256:fe1e7b2d0df4306b39650cf4c05485aa79ce1fc31507d1f73300dec3c64b2397", size = 57511 }
wheels = [
    { url = "https://files.pythonhosted.org/packages/8b/30/403cbe18d8dda6ce1d95ecd1039e5b01fd39011dd6bf31647e9b61bd5758/dishka-1.4.2-py3-none-any.whl", hash = "sha256:5a59c6bf5ac9f34b3e698093207ddb871c13a0721eeb3948eb29011aee61f69c", size = 79798 },
]

[[package]]
name = "t0d0d0d0"
version = "0.1.0"
source = { virtual = "." }
dependencies = [
    { name = "dishka" },
]

[package.metadata]
requires-dist = [{ name = "dishka", specifier = ">=1.4.2" }]
